Microsoft Visual Studio Solution File, Format Version 12.00
# Visual Studio Version 17
VisualStudioVersion = 17.5.2.0
MinimumVisualStudioVersion = 10.0.40219.1
Project("{FAE04EC0-301F-11D3-BF4B-00C04F79EFBC}") = "EGWalks.API", "EGWalks.API.csproj", "{996B5EAA-D56B-AB34-F10A-41EDC9AAB43B}"
EndProject
Global
	GlobalSection(SolutionConfigurationPlatforms) = preSolution
		Debug|Any CPU = Debug|Any CPU
		Release|Any CPU = Release|Any CPU
	EndGlobalSection
	GlobalSection(ProjectConfigurationPlatforms) = postSolution
		{996B5EAA-D56B-AB34-F10A-41EDC9AAB43B}.Debug|Any CPU.ActiveCfg = Debug|Any CPU
		{996B5EAA-D56B-AB34-F10A-41EDC9AAB43B}.Debug|Any CPU.Build.0 = Debug|Any CPU
		{996B5EAA-D56B-AB34-F10A-41EDC9AAB43B}.Release|Any CPU.ActiveCfg = Release|Any CPU
		{996B5EAA-D56B-AB34-F10A-41EDC9AAB43B}.Release|Any CPU.Build.0 = Release|Any CPU
	EndGlobalSection
	GlobalSection(SolutionProperties) = preSolution
		HideSolutionNode = FALSE
	EndGlobalSection
	GlobalSection(ExtensibilityGlobals) = postSolution
		SolutionGuid = {751052F4-9BCA-4971-9044-D4DB8CDC8F4E}
	EndGlobalSection
EndGlobal
